
Microsoft Visual Studio Solution File, Format Version 12.00
Project("{FAE04EC0-301F-11D3-BF4B-00C04F79EFBC}") = "LuckyDrawApp", "LuckyDrawApp\LuckyDrawApp.csproj", "{938680F8-BFBD-4DD0-84DE-F85301DE8AD3}"
EndProject
Global
	GlobalSection(SolutionConfigurationPlatforms) = preSolution
		Debug|Any CPU = Debug|Any CPU
		Release|Any CPU = Release|Any CPU
	EndGlobalSection
	GlobalSection(ProjectConfigurationPlatforms) = postSolution
		{938680F8-BFBD-4DD0-84DE-F85301DE8AD3}.Debug|Any CPU.ActiveCfg = Debug|Any CPU
		{938680F8-BFBD-4DD0-84DE-F85301DE8AD3}.Debug|Any CPU.Build.0 = Debug|Any CPU
		{938680F8-BFBD-4DD0-84DE-F85301DE8AD3}.Release|Any CPU.ActiveCfg = Release|Any CPU
		{938680F8-BFBD-4DD0-84DE-F85301DE8AD3}.Release|Any CPU.Build.0 = Release|Any CPU
	EndGlobalSection
EndGlobal
